
Microsoft Visual Studio Solution File, Format Version 12.00
# Visual Studio Version 17
VisualStudioVersion = 17.9.34728.123
MinimumVisualStudioVersion = 10.0.40219.1
Project("{9A19103F-16F7-4668-BE54-9A1E7A4F7556}") = "InventoryApp.Server", "InventoryApp.Server\InventoryApp.Server.csproj", "{1B4F1685-1852-4352-B68F-9AD897133F1E}"
EndProject
Project("{54A90642-561A-4BB1-A94E-469ADEE60C69}") = "InventoryApp.Client", "inventoryapp.client\InventoryApp.Client.esproj", "{FD1043FC-88E9-40DF-9563-653C1D766045}"
EndProject
Project("{2150E333-8FDC-42A3-9474-1A3956D46DE8}") = "Solution Items", "Solution Items", "{ED601909-CD15-4E0E-92EF-49A4BD969737}"
	ProjectSection(SolutionItems) = preProject
		.editorconfig = .editorconfig
		.gitignore = .gitignore
		LICENSE = LICENSE
		Migrations.txt = Migrations.txt
		README.md = README.md
	EndProjectSection
EndProject
Project("{9A19103F-16F7-4668-BE54-9A1E7A4F7556}") = "InventoryApp.Data", "InventoryApp.Data\InventoryApp.Data.csproj", "{17D2C334-CCBE-4D93-8105-DEE0814D389D}"
EndProject
Project("{FAE04EC0-301F-11D3-BF4B-00C04F79EFBC}") = "InventoryApp.Common", "InventoryApp.Common\InventoryApp.Common.csproj", "{C81058F5-796E-4141-A451-B665C47CEAB4}"
EndProject
Global
	GlobalSection(SolutionConfigurationPlatforms) = preSolution
		Debug|Any CPU = Debug|Any CPU
		Release|Any CPU = Release|Any CPU
	EndGlobalSection
	GlobalSection(ProjectConfigurationPlatforms) = postSolution
		{1B4F1685-1852-4352-B68F-9AD897133F1E}.Debug|Any CPU.ActiveCfg = Debug|Any CPU
		{1B4F1685-1852-4352-B68F-9AD897133F1E}.Debug|Any CPU.Build.0 = Debug|Any CPU
		{1B4F1685-1852-4352-B68F-9AD897133F1E}.Release|Any CPU.ActiveCfg = Release|Any CPU
		{1B4F1685-1852-4352-B68F-9AD897133F1E}.Release|Any CPU.Build.0 = Release|Any CPU
		{FD1043FC-88E9-40DF-9563-653C1D766045}.Debug|Any CPU.ActiveCfg = Debug|Any CPU
		{FD1043FC-88E9-40DF-9563-653C1D766045}.Debug|Any CPU.Build.0 = Debug|Any CPU
		{FD1043FC-88E9-40DF-9563-653C1D766045}.Debug|Any CPU.Deploy.0 = Debug|Any CPU
		{FD1043FC-88E9-40DF-9563-653C1D766045}.Release|Any CPU.ActiveCfg = Release|Any CPU
		{FD1043FC-88E9-40DF-9563-653C1D766045}.Release|Any CPU.Build.0 = Release|Any CPU
		{FD1043FC-88E9-40DF-9563-653C1D766045}.Release|Any CPU.Deploy.0 = Release|Any CPU
		{17D2C334-CCBE-4D93-8105-DEE0814D389D}.Debug|Any CPU.ActiveCfg = Debug|Any CPU
		{17D2C334-CCBE-4D93-8105-DEE0814D389D}.Debug|Any CPU.Build.0 = Debug|Any CPU
		{17D2C334-CCBE-4D93-8105-DEE0814D389D}.Release|Any CPU.ActiveCfg = Release|Any CPU
		{17D2C334-CCBE-4D93-8105-DEE0814D389D}.Release|Any CPU.Build.0 = Release|Any CPU
		{C81058F5-796E-4141-A451-B665C47CEAB4}.Debug|Any CPU.ActiveCfg = Debug|Any CPU
		{C81058F5-796E-4141-A451-B665C47CEAB4}.Debug|Any CPU.Build.0 = Debug|Any CPU
		{C81058F5-796E-4141-A451-B665C47CEAB4}.Release|Any CPU.ActiveCfg = Release|Any CPU
		{C81058F5-796E-4141-A451-B665C47CEAB4}.Release|Any CPU.Build.0 = Release|Any CPU
	EndGlobalSection
	GlobalSection(SolutionProperties) = preSolution
		HideSolutionNode = FALSE
	EndGlobalSection
	GlobalSection(ExtensibilityGlobals) = postSolution
		SolutionGuid = {C6C6C705-021E-4171-9CEC-3B6A02EB5ACA}
	EndGlobalSection
EndGlobal
